
Microsoft Visual Studio Solution File, Format Version 12.00
# Visual Studio Version 16
VisualStudioVersion = 16.0.29009.5
MinimumVisualStudioVersion = 10.0.40219.1
Project("{9A19103F-16F7-4668-BE54-9A1E7A4F7556}") = "MyApi", "MyApi\MyApi.csproj", "{643A75AE-B08E-4123-83EF-0145AA04B6A6}"
	ProjectSection(ProjectDependencies) = postProject
		{49DFFBD9-E192-419F-8274-85EADE1BBBF2} = {49DFFBD9-E192-419F-8274-85EADE1BBBF2}
	EndProjectSection
EndProject
Project("{9A19103F-16F7-4668-BE54-9A1E7A4F7556}") = "Common", "Common\Common.csproj", "{3DB4B015-1901-4379-8E06-E426CCB76952}"
EndProject
Project("{FAE04EC0-301F-11D3-BF4B-00C04F79EFBC}") = "Entities", "Entities\Entities.csproj", "{CED419D2-628E-45FB-8BFF-960529961B6C}"
EndProject
Project("{FAE04EC0-301F-11D3-BF4B-00C04F79EFBC}") = "Data", "Data\Data.csproj", "{A67F5ACD-71F2-4C56-8B2F-6CE791513832}"
	ProjectSection(ProjectDependencies) = postProject
		{CED419D2-628E-45FB-8BFF-960529961B6C} = {CED419D2-628E-45FB-8BFF-960529961B6C}
	EndProjectSection
EndProject
Project("{FAE04EC0-301F-11D3-BF4B-00C04F79EFBC}") = "Services", "Services\Services.csproj", "{5F88E31B-E332-4F12-A124-393EA5BF9F3F}"
	ProjectSection(ProjectDependencies) = postProject
		{A67F5ACD-71F2-4C56-8B2F-6CE791513832} = {A67F5ACD-71F2-4C56-8B2F-6CE791513832}
	EndProjectSection
EndProject
Project("{FAE04EC0-301F-11D3-BF4B-00C04F79EFBC}") = "WebFramewrok", "WebFramewrok\WebFramewrok.csproj", "{49DFFBD9-E192-419F-8274-85EADE1BBBF2}"
	ProjectSection(ProjectDependencies) = postProject
		{5F88E31B-E332-4F12-A124-393EA5BF9F3F} = {5F88E31B-E332-4F12-A124-393EA5BF9F3F}
	EndProjectSection
EndProject
Global
	GlobalSection(SolutionConfigurationPlatforms) = preSolution
		Debug|Any CPU = Debug|Any CPU
		Release|Any CPU = Release|Any CPU
	EndGlobalSection
	GlobalSection(ProjectConfigurationPlatforms) = postSolution
		{643A75AE-B08E-4123-83EF-0145AA04B6A6}.Debug|Any CPU.ActiveCfg = Debug|Any CPU
		{643A75AE-B08E-4123-83EF-0145AA04B6A6}.Debug|Any CPU.Build.0 = Debug|Any CPU
		{643A75AE-B08E-4123-83EF-0145AA04B6A6}.Release|Any CPU.ActiveCfg = Release|Any CPU
		{643A75AE-B08E-4123-83EF-0145AA04B6A6}.Release|Any CPU.Build.0 = Release|Any CPU
		{3DB4B015-1901-4379-8E06-E426CCB76952}.Debug|Any CPU.ActiveCfg = Debug|Any CPU
		{3DB4B015-1901-4379-8E06-E426CCB76952}.Debug|Any CPU.Build.0 = Debug|Any CPU
		{3DB4B015-1901-4379-8E06-E426CCB76952}.Release|Any CPU.ActiveCfg = Release|Any CPU
		{3DB4B015-1901-4379-8E06-E426CCB76952}.Release|Any CPU.Build.0 = Release|Any CPU
		{CED419D2-628E-45FB-8BFF-960529961B6C}.Debug|Any CPU.ActiveCfg = Debug|Any CPU
		{CED419D2-628E-45FB-8BFF-960529961B6C}.Debug|Any CPU.Build.0 = Debug|Any CPU
		{CED419D2-628E-45FB-8BFF-960529961B6C}.Release|Any CPU.ActiveCfg = Release|Any CPU
		{CED419D2-628E-45FB-8BFF-960529961B6C}.Release|Any CPU.Build.0 = Release|Any CPU
		{A67F5ACD-71F2-4C56-8B2F-6CE791513832}.Debug|Any CPU.ActiveCfg = Debug|Any CPU
		{A67F5ACD-71F2-4C56-8B2F-6CE791513832}.Debug|Any CPU.Build.0 = Debug|Any CPU
		{A67F5ACD-71F2-4C56-8B2F-6CE791513832}.Release|Any CPU.ActiveCfg = Release|Any CPU
		{A67F5ACD-71F2-4C56-8B2F-6CE791513832}.Release|Any CPU.Build.0 = Release|Any CPU
		{5F88E31B-E332-4F12-A124-393EA5BF9F3F}.Debug|Any CPU.ActiveCfg = Debug|Any CPU
		{5F88E31B-E332-4F12-A124-393EA5BF9F3F}.Debug|Any CPU.Build.0 = Debug|Any CPU
		{5F88E31B-E332-4F12-A124-393EA5BF9F3F}.Release|Any CPU.ActiveCfg = Release|Any CPU
		{5F88E31B-E332-4F12-A124-393EA5BF9F3F}.Release|Any CPU.Build.0 = Release|Any CPU
		{49DFFBD9-E192-419F-8274-85EADE1BBBF2}.Debug|Any CPU.ActiveCfg = Debug|Any CPU
		{49DFFBD9-E192-419F-8274-85EADE1BBBF2}.Debug|Any CPU.Build.0 = Debug|Any CPU
		{49DFFBD9-E192-419F-8274-85EADE1BBBF2}.Release|Any CPU.ActiveCfg = Release|Any CPU
		{49DFFBD9-E192-419F-8274-85EADE1BBBF2}.Release|Any CPU.Build.0 = Release|Any CPU
	EndGlobalSection
	GlobalSection(SolutionProperties) = preSolution
		HideSolutionNode = FALSE
	EndGlobalSection
	GlobalSection(ExtensibilityGlobals) = postSolution
		SolutionGuid = {FAD51F34-AC36-4504-BCDB-B6067B5B8358}
	EndGlobalSection
EndGlobal
